
Microsoft Visual Studio Solution File, Format Version 12.00
# Visual Studio Version 16
VisualStudioVersion = 16.0.30404.54
MinimumVisualStudioVersion = 10.0.40219.1
Project("{9A19103F-16F7-4668-BE54-9A1E7A4F7556}") = "Nekrasov.Demo.Tests", "tests\Nekrasov.Demo.Tests\Nekrasov.Demo.Tests.csproj", "{D8D1F13B-A9A4-4320-841B-0F1A31D51401}"
EndProject
Project("{9A19103F-16F7-4668-BE54-9A1E7A4F7556}") = "Nekrasov.Demo.Domain", "src\Nekrasov.Demo.Domain\Nekrasov.Demo.Domain.csproj", "{B4272DA5-9B18-4F0E-A29B-FDA58CD24455}"
EndProject
Project("{9A19103F-16F7-4668-BE54-9A1E7A4F7556}") = "Nekrasov.Demo.Application", "src\Nekrasov.Demo.Application\Nekrasov.Demo.Application.csproj", "{1C70D5A8-7797-4ACB-B162-3C1359D6D5A5}"
EndProject
Project("{FAE04EC0-301F-11D3-BF4B-00C04F79EFBC}") = "Nekrasov.Demo.Storage", "src\Nekrasov.Demo.Storage\Nekrasov.Demo.Storage.csproj", "{174B526F-3A36-459C-B46B-BDFB6911C378}"
EndProject
Project("{FAE04EC0-301F-11D3-BF4B-00C04F79EFBC}") = "Nekrasov.Demo.Blazor.Server", "src\Nekrasov.Demo.Blazor\Server\Nekrasov.Demo.Blazor.Server.csproj", "{C1B5AE43-A4F5-4C94-86E1-27EA0D0F78B7}"
EndProject
Project("{FAE04EC0-301F-11D3-BF4B-00C04F79EFBC}") = "Nekrasov.Demo.Blazor.Client", "src\Nekrasov.Demo.Blazor\Client\Nekrasov.Demo.Blazor.Client.csproj", "{A31BCD70-895F-4F01-97A9-5E2D3D737C20}"
EndProject
Project("{FAE04EC0-301F-11D3-BF4B-00C04F79EFBC}") = "Nekrasov.Demo.Dto", "src\Nekrasov.Demo.Dto\Nekrasov.Demo.Dto.csproj", "{FABA0380-D1E9-40AF-AA67-88916F93FD50}"
EndProject
Global
	GlobalSection(SolutionConfigurationPlatforms) = preSolution
		Debug|Any CPU = Debug|Any CPU
		Debug|x64 = Debug|x64
		Release|Any CPU = Release|Any CPU
		Release|x64 = Release|x64
	EndGlobalSection
	GlobalSection(ProjectConfigurationPlatforms) = postSolution
		{D8D1F13B-A9A4-4320-841B-0F1A31D51401}.Debug|Any CPU.ActiveCfg = Debug|Any CPU
		{D8D1F13B-A9A4-4320-841B-0F1A31D51401}.Debug|Any CPU.Build.0 = Debug|Any CPU
		{D8D1F13B-A9A4-4320-841B-0F1A31D51401}.Debug|x64.ActiveCfg = Debug|x64
		{D8D1F13B-A9A4-4320-841B-0F1A31D51401}.Debug|x64.Build.0 = Debug|x64
		{D8D1F13B-A9A4-4320-841B-0F1A31D51401}.Release|Any CPU.ActiveCfg = Release|Any CPU
		{D8D1F13B-A9A4-4320-841B-0F1A31D51401}.Release|Any CPU.Build.0 = Release|Any CPU
		{D8D1F13B-A9A4-4320-841B-0F1A31D51401}.Release|x64.ActiveCfg = Release|x64
		{D8D1F13B-A9A4-4320-841B-0F1A31D51401}.Release|x64.Build.0 = Release|x64
		{B4272DA5-9B18-4F0E-A29B-FDA58CD24455}.Debug|Any CPU.ActiveCfg = Debug|Any CPU
		{B4272DA5-9B18-4F0E-A29B-FDA58CD24455}.Debug|Any CPU.Build.0 = Debug|Any CPU
		{B4272DA5-9B18-4F0E-A29B-FDA58CD24455}.Debug|x64.ActiveCfg = Debug|Any CPU
		{B4272DA5-9B18-4F0E-A29B-FDA58CD24455}.Debug|x64.Build.0 = Debug|Any CPU
		{B4272DA5-9B18-4F0E-A29B-FDA58CD24455}.Release|Any CPU.ActiveCfg = Release|Any CPU
		{B4272DA5-9B18-4F0E-A29B-FDA58CD24455}.Release|Any CPU.Build.0 = Release|Any CPU
		{B4272DA5-9B18-4F0E-A29B-FDA58CD24455}.Release|x64.ActiveCfg = Release|Any CPU
		{B4272DA5-9B18-4F0E-A29B-FDA58CD24455}.Release|x64.Build.0 = Release|Any CPU
		{1C70D5A8-7797-4ACB-B162-3C1359D6D5A5}.Debug|Any CPU.ActiveCfg = Debug|Any CPU
		{1C70D5A8-7797-4ACB-B162-3C1359D6D5A5}.Debug|Any CPU.Build.0 = Debug|Any CPU
		{1C70D5A8-7797-4ACB-B162-3C1359D6D5A5}.Debug|x64.ActiveCfg = Debug|Any CPU
		{1C70D5A8-7797-4ACB-B162-3C1359D6D5A5}.Debug|x64.Build.0 = Debug|Any CPU
		{1C70D5A8-7797-4ACB-B162-3C1359D6D5A5}.Release|Any CPU.ActiveCfg = Release|Any CPU
		{1C70D5A8-7797-4ACB-B162-3C1359D6D5A5}.Release|Any CPU.Build.0 = Release|Any CPU
		{1C70D5A8-7797-4ACB-B162-3C1359D6D5A5}.Release|x64.ActiveCfg = Release|Any CPU
		{1C70D5A8-7797-4ACB-B162-3C1359D6D5A5}.Release|x64.Build.0 = Release|Any CPU
		{174B526F-3A36-459C-B46B-BDFB6911C378}.Debug|Any CPU.ActiveCfg = Debug|Any CPU
		{174B526F-3A36-459C-B46B-BDFB6911C378}.Debug|Any CPU.Build.0 = Debug|Any CPU
		{174B526F-3A36-459C-B46B-BDFB6911C378}.Debug|x64.ActiveCfg = Debug|Any CPU
		{174B526F-3A36-459C-B46B-BDFB6911C378}.Debug|x64.Build.0 = Debug|Any CPU
		{174B526F-3A36-459C-B46B-BDFB6911C378}.Release|Any CPU.ActiveCfg = Release|Any CPU
		{174B526F-3A36-459C-B46B-BDFB6911C378}.Release|Any CPU.Build.0 = Release|Any CPU
		{174B526F-3A36-459C-B46B-BDFB6911C378}.Release|x64.ActiveCfg = Release|Any CPU
		{174B526F-3A36-459C-B46B-BDFB6911C378}.Release|x64.Build.0 = Release|Any CPU
		{C1B5AE43-A4F5-4C94-86E1-27EA0D0F78B7}.Debug|Any CPU.ActiveCfg = Debug|Any CPU
		{C1B5AE43-A4F5-4C94-86E1-27EA0D0F78B7}.Debug|Any CPU.Build.0 = Debug|Any CPU
		{C1B5AE43-A4F5-4C94-86E1-27EA0D0F78B7}.Debug|x64.ActiveCfg = Debug|Any CPU
		{C1B5AE43-A4F5-4C94-86E1-27EA0D0F78B7}.Debug|x64.Build.0 = Debug|Any CPU
		{C1B5AE43-A4F5-4C94-86E1-27EA0D0F78B7}.Release|Any CPU.ActiveCfg = Release|Any CPU
		{C1B5AE43-A4F5-4C94-86E1-27EA0D0F78B7}.Release|Any CPU.Build.0 = Release|Any CPU
		{C1B5AE43-A4F5-4C94-86E1-27EA0D0F78B7}.Release|x64.ActiveCfg = Release|Any CPU
		{C1B5AE43-A4F5-4C94-86E1-27EA0D0F78B7}.Release|x64.Build.0 = Release|Any CPU
		{A31BCD70-895F-4F01-97A9-5E2D3D737C20}.Debug|Any CPU.ActiveCfg = Debug|Any CPU
		{A31BCD70-895F-4F01-97A9-5E2D3D737C20}.Debug|Any CPU.Build.0 = Debug|Any CPU
		{A31BCD70-895F-4F01-97A9-5E2D3D737C20}.Debug|x64.ActiveCfg = Debug|Any CPU
		{A31BCD70-895F-4F01-97A9-5E2D3D737C20}.Debug|x64.Build.0 = Debug|Any CPU
		{A31BCD70-895F-4F01-97A9-5E2D3D737C20}.Release|Any CPU.ActiveCfg = Release|Any CPU
		{A31BCD70-895F-4F01-97A9-5E2D3D737C20}.Release|Any CPU.Build.0 = Release|Any CPU
		{A31BCD70-895F-4F01-97A9-5E2D3D737C20}.Release|x64.ActiveCfg = Release|Any CPU
		{A31BCD70-895F-4F01-97A9-5E2D3D737C20}.Release|x64.Build.0 = Release|Any CPU
		{FABA0380-D1E9-40AF-AA67-88916F93FD50}.Debug|Any CPU.ActiveCfg = Debug|Any CPU
		{FABA0380-D1E9-40AF-AA67-88916F93FD50}.Debug|Any CPU.Build.0 = Debug|Any CPU
		{FABA0380-D1E9-40AF-AA67-88916F93FD50}.Debug|x64.ActiveCfg = Debug|Any CPU
		{FABA0380-D1E9-40AF-AA67-88916F93FD50}.Debug|x64.Build.0 = Debug|Any CPU
		{FABA0380-D1E9-40AF-AA67-88916F93FD50}.Release|Any CPU.ActiveCfg = Release|Any CPU
		{FABA0380-D1E9-40AF-AA67-88916F93FD50}.Release|Any CPU.Build.0 = Release|Any CPU
		{FABA0380-D1E9-40AF-AA67-88916F93FD50}.Release|x64.ActiveCfg = Release|Any CPU
		{FABA0380-D1E9-40AF-AA67-88916F93FD50}.Release|x64.Build.0 = Release|Any CPU
	EndGlobalSection
	GlobalSection(SolutionProperties) = preSolution
		HideSolutionNode = FALSE
	EndGlobalSection
	GlobalSection(ExtensibilityGlobals) = postSolution
		SolutionGuid = {DECD23FC-B841-4B3E-8D5D-B52A48B8D359}
	EndGlobalSection
EndGlobal
